
Microsoft Visual Studio Solution File, Format Version 12.00
# Visual Studio Version 16
VisualStudioVersion = 16.0.810.11
MinimumVisualStudioVersion = 10.0.40219.1
Project("{FAE04EC0-301F-11D3-BF4B-00C04F79EFBC}") = "ASP.NET-Core-Identity", "ASP.NET-Core-Identity.csproj", "{56D41E37-C0DA-4F6F-995C-28B7CA11D927}"
EndProject
Global
	GlobalSection(SolutionConfigurationPlatforms) = preSolution
		Debug|Any CPU = Debug|Any CPU
		Release|Any CPU = Release|Any CPU
	EndGlobalSection
	GlobalSection(ProjectConfigurationPlatforms) = postSolution
		{56D41E37-C0DA-4F6F-995C-28B7CA11D927}.Debug|Any CPU.ActiveCfg = Debug|Any CPU
		{56D41E37-C0DA-4F6F-995C-28B7CA11D927}.Debug|Any CPU.Build.0 = Debug|Any CPU
		{56D41E37-C0DA-4F6F-995C-28B7CA11D927}.Release|Any CPU.ActiveCfg = Release|Any CPU
		{56D41E37-C0DA-4F6F-995C-28B7CA11D927}.Release|Any CPU.Build.0 = Release|Any CPU
	EndGlobalSection
	GlobalSection(SolutionProperties) = preSolution
		HideSolutionNode = FALSE
	EndGlobalSection
	GlobalSection(ExtensibilityGlobals) = postSolution
		SolutionGuid = {DD63B5FE-764C-43EB-9A39-FAF3F2152624}
	EndGlobalSection
EndGlobal
